dependencies:
- name: config-overlays
  repository: https://pluralsh.github.io/module-library
  version: 0.1.1
- name: argo-cd
  repository: https://argoproj.github.io/argo-helm
  version: 5.14.3
- name: argocd-image-updater
  repository: https://argoproj.github.io/argo-helm
  version: 0.8.5
digest: sha256:c3b3d44ed87e4814d42ba047b5cb5786b3a36e621e70d01aadbc145b5bbff669
generated: "2023-04-07T00:49:59.869098872Z"
