dependencies:
- name: config-overlays
  repository: https://pluralsh.github.io/module-library
  version: 0.1.1
- name: argo-cd
  repository: https://argoproj.github.io/argo-helm
  version: 5.37.1
- name: argocd-image-updater
  repository: https://argoproj.github.io/argo-helm
  version: 0.9.1
digest: sha256:0179b943f91014c824c44e74c9f6eb4d0bbbcbaf61c7a66041eb96dab3334e3d
generated: "2023-07-06T23:59:21.553256093Z"
