dependencies:
- name: grafana
  repository: https://grafana.github.io/helm-charts
  version: 6.29.2
- name: test-base
  repository: https://pluralsh.github.io/module-library
  version: 0.1.3
digest: sha256:d021b0676c5ed3615d45302945e78c953393070d85c38136ec2cc8670123b8ec
generated: "2022-05-11T12:21:12.382262981Z"
